
Microsoft Visual Studio Solution File, Format Version 12.00
# Visual Studio Version 17
VisualStudioVersion = 17.4.33110.190
MinimumVisualStudioVersion = 10.0.40219.1
Project("{888888A0-9F3D-457C-B088-3A5042F75D52}") = "HW2 jana", "HW2 jana\HW2 jana.pyproj", "{E74B3A2D-62AE-42E3-925A-BD6A162C9305}"
EndProject
Global
	GlobalSection(SolutionConfigurationPlatforms) = preSolution
		Debug|Any CPU = Debug|Any CPU
		Release|Any CPU = Release|Any CPU
	EndGlobalSection
	GlobalSection(ProjectConfigurationPlatforms) = postSolution
		{E74B3A2D-62AE-42E3-925A-BD6A162C9305}.Debug|Any CPU.ActiveCfg = Debug|Any CPU
		{E74B3A2D-62AE-42E3-925A-BD6A162C9305}.Release|Any CPU.ActiveCfg = Release|Any CPU
	EndGlobalSection
	GlobalSection(SolutionProperties) = preSolution
		HideSolutionNode = FALSE
	EndGlobalSection
	GlobalSection(ExtensibilityGlobals) = postSolution
		SolutionGuid = {C3C682FC-3B1E-4272-858A-85D65E886AAC}
	EndGlobalSection
EndGlobal
